Microsoft Visual Studio Solution File, Format Version 12.00
# Visual Studio 16
Project("{8BC9CEB8-8B4A-11D0-8D11-00A0C91BC942}") = "ALL_BUILD", "ALL_BUILD.vcxproj", "{475C21B8-54C3-3232-A360-6A374BEECBAB}"
	ProjectSection(ProjectDependencies) = postProject
		{8AD30A51-99D2-3EB9-9FC2-040A156B702D} = {8AD30A51-99D2-3EB9-9FC2-040A156B702D}
		{88FD946A-AC66-33A6-A3A7-630CE78436EE} = {88FD946A-AC66-33A6-A3A7-630CE78436EE}
		{7A7CF1CB-A8A5-3F0B-83D8-0B515806BB95} = {7A7CF1CB-A8A5-3F0B-83D8-0B515806BB95}
		{0508E002-B84D-302D-8D77-5B004A8EB41A} = {0508E002-B84D-302D-8D77-5B004A8EB41A}
		{F90D4406-9243-338C-BE81-F68CD01542CC} = {F90D4406-9243-338C-BE81-F68CD01542CC}
	EndProjectSection
EndProject
Project("{8BC9CEB8-8B4A-11D0-8D11-00A0C91BC942}") = "INSTALL", "INSTALL.vcxproj", "{BD7C71D4-ACD3-3BA1-8E14-C1FFD38FFF48}"
	ProjectSection(ProjectDependencies) = postProject
		{475C21B8-54C3-3232-A360-6A374BEECBAB} = {475C21B8-54C3-3232-A360-6A374BEECBAB}
		{8AD30A51-99D2-3EB9-9FC2-040A156B702D} = {8AD30A51-99D2-3EB9-9FC2-040A156B702D}
	EndProjectSection
EndProject
Project("{8BC9CEB8-8B4A-11D0-8D11-00A0C91BC942}") = "ZERO_CHECK", "ZERO_CHECK.vcxproj", "{8AD30A51-99D2-3EB9-9FC2-040A156B702D}"
	ProjectSection(ProjectDependencies) = postProject
	EndProjectSection
EndProject
Project("{8BC9CEB8-8B4A-11D0-8D11-00A0C91BC942}") = "libprotobuf", "libprotobuf.vcxproj", "{88FD946A-AC66-33A6-A3A7-630CE78436EE}"
	ProjectSection(ProjectDependencies) = postProject
		{8AD30A51-99D2-3EB9-9FC2-040A156B702D} = {8AD30A51-99D2-3EB9-9FC2-040A156B702D}
	EndProjectSection
EndProject
Project("{8BC9CEB8-8B4A-11D0-8D11-00A0C91BC942}") = "libprotobuf-lite", "libprotobuf-lite.vcxproj", "{7A7CF1CB-A8A5-3F0B-83D8-0B515806BB95}"
	ProjectSection(ProjectDependencies) = postProject
		{8AD30A51-99D2-3EB9-9FC2-040A156B702D} = {8AD30A51-99D2-3EB9-9FC2-040A156B702D}
	EndProjectSection
EndProject
Project("{8BC9CEB8-8B4A-11D0-8D11-00A0C91BC942}") = "libprotoc", "libprotoc.vcxproj", "{0508E002-B84D-302D-8D77-5B004A8EB41A}"
	ProjectSection(ProjectDependencies) = postProject
		{8AD30A51-99D2-3EB9-9FC2-040A156B702D} = {8AD30A51-99D2-3EB9-9FC2-040A156B702D}
		{88FD946A-AC66-33A6-A3A7-630CE78436EE} = {88FD946A-AC66-33A6-A3A7-630CE78436EE}
	EndProjectSection
EndProject
Project("{8BC9CEB8-8B4A-11D0-8D11-00A0C91BC942}") = "protoc", "protoc.vcxproj", "{F90D4406-9243-338C-BE81-F68CD01542CC}"
	ProjectSection(ProjectDependencies) = postProject
		{8AD30A51-99D2-3EB9-9FC2-040A156B702D} = {8AD30A51-99D2-3EB9-9FC2-040A156B702D}
		{88FD946A-AC66-33A6-A3A7-630CE78436EE} = {88FD946A-AC66-33A6-A3A7-630CE78436EE}
		{0508E002-B84D-302D-8D77-5B004A8EB41A} = {0508E002-B84D-302D-8D77-5B004A8EB41A}
	EndProjectSection
EndProject
Global
	GlobalSection(SolutionConfigurationPlatforms) = preSolution
		Debug|x64 = Debug|x64
		Release|x64 = Release|x64
		MinSizeRel|x64 = MinSizeRel|x64
		RelWithDebInfo|x64 = RelWithDebInfo|x64
	EndGlobalSection
	GlobalSection(ProjectConfigurationPlatforms) = postSolution
		{475C21B8-54C3-3232-A360-6A374BEECBAB}.Debug|x64.ActiveCfg = Debug|x64
		{475C21B8-54C3-3232-A360-6A374BEECBAB}.Debug|x64.Build.0 = Debug|x64
		{475C21B8-54C3-3232-A360-6A374BEECBAB}.Release|x64.ActiveCfg = Release|x64
		{475C21B8-54C3-3232-A360-6A374BEECBAB}.Release|x64.Build.0 = Release|x64
		{475C21B8-54C3-3232-A360-6A374BEECBAB}.MinSizeRel|x64.ActiveCfg = MinSizeRel|x64
		{475C21B8-54C3-3232-A360-6A374BEECBAB}.MinSizeRel|x64.Build.0 = MinSizeRel|x64
		{475C21B8-54C3-3232-A360-6A374BEECBAB}.RelWithDebInfo|x64.ActiveCfg = RelWithDebInfo|x64
		{475C21B8-54C3-3232-A360-6A374BEECBAB}.RelWithDebInfo|x64.Build.0 = RelWithDebInfo|x64
		{BD7C71D4-ACD3-3BA1-8E14-C1FFD38FFF48}.Debug|x64.ActiveCfg = Debug|x64
		{BD7C71D4-ACD3-3BA1-8E14-C1FFD38FFF48}.Release|x64.ActiveCfg = Release|x64
		{BD7C71D4-ACD3-3BA1-8E14-C1FFD38FFF48}.MinSizeRel|x64.ActiveCfg = MinSizeRel|x64
		{BD7C71D4-ACD3-3BA1-8E14-C1FFD38FFF48}.RelWithDebInfo|x64.ActiveCfg = RelWithDebInfo|x64
		{8AD30A51-99D2-3EB9-9FC2-040A156B702D}.Debug|x64.ActiveCfg = Debug|x64
		{8AD30A51-99D2-3EB9-9FC2-040A156B702D}.Debug|x64.Build.0 = Debug|x64
		{8AD30A51-99D2-3EB9-9FC2-040A156B702D}.Release|x64.ActiveCfg = Release|x64
		{8AD30A51-99D2-3EB9-9FC2-040A156B702D}.Release|x64.Build.0 = Release|x64
		{8AD30A51-99D2-3EB9-9FC2-040A156B702D}.MinSizeRel|x64.ActiveCfg = MinSizeRel|x64
		{8AD30A51-99D2-3EB9-9FC2-040A156B702D}.MinSizeRel|x64.Build.0 = MinSizeRel|x64
		{8AD30A51-99D2-3EB9-9FC2-040A156B702D}.RelWithDebInfo|x64.ActiveCfg = RelWithDebInfo|x64
		{8AD30A51-99D2-3EB9-9FC2-040A156B702D}.RelWithDebInfo|x64.Build.0 = RelWithDebInfo|x64
		{88FD946A-AC66-33A6-A3A7-630CE78436EE}.Debug|x64.ActiveCfg = Debug|x64
		{88FD946A-AC66-33A6-A3A7-630CE78436EE}.Debug|x64.Build.0 = Debug|x64
		{88FD946A-AC66-33A6-A3A7-630CE78436EE}.Release|x64.ActiveCfg = Release|x64
		{88FD946A-AC66-33A6-A3A7-630CE78436EE}.Release|x64.Build.0 = Release|x64
		{88FD946A-AC66-33A6-A3A7-630CE78436EE}.MinSizeRel|x64.ActiveCfg = MinSizeRel|x64
		{88FD946A-AC66-33A6-A3A7-630CE78436EE}.MinSizeRel|x64.Build.0 = MinSizeRel|x64
		{88FD946A-AC66-33A6-A3A7-630CE78436EE}.RelWithDebInfo|x64.ActiveCfg = RelWithDebInfo|x64
		{88FD946A-AC66-33A6-A3A7-630CE78436EE}.RelWithDebInfo|x64.Build.0 = RelWithDebInfo|x64
		{7A7CF1CB-A8A5-3F0B-83D8-0B515806BB95}.Debug|x64.ActiveCfg = Debug|x64
		{7A7CF1CB-A8A5-3F0B-83D8-0B515806BB95}.Debug|x64.Build.0 = Debug|x64
		{7A7CF1CB-A8A5-3F0B-83D8-0B515806BB95}.Release|x64.ActiveCfg = Release|x64
		{7A7CF1CB-A8A5-3F0B-83D8-0B515806BB95}.Release|x64.Build.0 = Release|x64
		{7A7CF1CB-A8A5-3F0B-83D8-0B515806BB95}.MinSizeRel|x64.ActiveCfg = MinSizeRel|x64
		{7A7CF1CB-A8A5-3F0B-83D8-0B515806BB95}.MinSizeRel|x64.Build.0 = MinSizeRel|x64
		{7A7CF1CB-A8A5-3F0B-83D8-0B515806BB95}.RelWithDebInfo|x64.ActiveCfg = RelWithDebInfo|x64
		{7A7CF1CB-A8A5-3F0B-83D8-0B515806BB95}.RelWithDebInfo|x64.Build.0 = RelWithDebInfo|x64
		{0508E002-B84D-302D-8D77-5B004A8EB41A}.Debug|x64.ActiveCfg = Debug|x64
		{0508E002-B84D-302D-8D77-5B004A8EB41A}.Debug|x64.Build.0 = Debug|x64
		{0508E002-B84D-302D-8D77-5B004A8EB41A}.Release|x64.ActiveCfg = Release|x64
		{0508E002-B84D-302D-8D77-5B004A8EB41A}.Release|x64.Build.0 = Release|x64
		{0508E002-B84D-302D-8D77-5B004A8EB41A}.MinSizeRel|x64.ActiveCfg = MinSizeRel|x64
		{0508E002-B84D-302D-8D77-5B004A8EB41A}.MinSizeRel|x64.Build.0 = MinSizeRel|x64
		{0508E002-B84D-302D-8D77-5B004A8EB41A}.RelWithDebInfo|x64.ActiveCfg = RelWithDebInfo|x64
		{0508E002-B84D-302D-8D77-5B004A8EB41A}.RelWithDebInfo|x64.Build.0 = RelWithDebInfo|x64
		{F90D4406-9243-338C-BE81-F68CD01542CC}.Debug|x64.ActiveCfg = Debug|x64
		{F90D4406-9243-338C-BE81-F68CD01542CC}.Debug|x64.Build.0 = Debug|x64
		{F90D4406-9243-338C-BE81-F68CD01542CC}.Release|x64.ActiveCfg = Release|x64
		{F90D4406-9243-338C-BE81-F68CD01542CC}.Release|x64.Build.0 = Release|x64
		{F90D4406-9243-338C-BE81-F68CD01542CC}.MinSizeRel|x64.ActiveCfg = MinSizeRel|x64
		{F90D4406-9243-338C-BE81-F68CD01542CC}.MinSizeRel|x64.Build.0 = MinSizeRel|x64
		{F90D4406-9243-338C-BE81-F68CD01542CC}.RelWithDebInfo|x64.ActiveCfg = RelWithDebInfo|x64
		{F90D4406-9243-338C-BE81-F68CD01542CC}.RelWithDebInfo|x64.Build.0 = RelWithDebInfo|x64
	EndGlobalSection
	GlobalSection(ExtensibilityGlobals) = postSolution
		SolutionGuid = {1C963B85-BF64-3FB3-98E2-22BC72BE9E3D}
	EndGlobalSection
	GlobalSection(ExtensibilityAddIns) = postSolution
	EndGlobalSection
EndGlobal
