
Microsoft Visual Studio Solution File, Format Version 12.00
# Visual Studio Version 16
Project("{8BC9CEB8-8B4A-11D0-8D11-00A0C91BC942}") = "ALL_BUILD", "ALL_BUILD.vcxproj", "{943E553D-E27C-31D0-BD0F-B5BCB27C3FDC}"
	ProjectSection(ProjectDependencies) = postProject
		{685AB2C1-EFD6-3BC3-A438-77C620D97F6C} = {685AB2C1-EFD6-3BC3-A438-77C620D97F6C}
		{28846F5E-4093-3EFC-A67A-CFF4D27A228B} = {28846F5E-4093-3EFC-A67A-CFF4D27A228B}
		{61C7F02D-DE93-31D8-9B55-CC82805A499F} = {61C7F02D-DE93-31D8-9B55-CC82805A499F}
	EndProjectSection
EndProject
Project("{8BC9CEB8-8B4A-11D0-8D11-00A0C91BC942}") = "INSTALL", "INSTALL.vcxproj", "{9C6B286C-CF38-39F3-B44C-9B472C73F678}"
	ProjectSection(ProjectDependencies) = postProject
		{943E553D-E27C-31D0-BD0F-B5BCB27C3FDC} = {943E553D-E27C-31D0-BD0F-B5BCB27C3FDC}
		{685AB2C1-EFD6-3BC3-A438-77C620D97F6C} = {685AB2C1-EFD6-3BC3-A438-77C620D97F6C}
	EndProjectSection
EndProject
Project("{8BC9CEB8-8B4A-11D0-8D11-00A0C91BC942}") = "ZERO_CHECK", "ZERO_CHECK.vcxproj", "{685AB2C1-EFD6-3BC3-A438-77C620D97F6C}"
	ProjectSection(ProjectDependencies) = postProject
	EndProjectSection
EndProject
Project("{8BC9CEB8-8B4A-11D0-8D11-00A0C91BC942}") = "libprotobuf", "libprotobuf.vcxproj", "{28846F5E-4093-3EFC-A67A-CFF4D27A228B}"
	ProjectSection(ProjectDependencies) = postProject
		{685AB2C1-EFD6-3BC3-A438-77C620D97F6C} = {685AB2C1-EFD6-3BC3-A438-77C620D97F6C}
	EndProjectSection
EndProject
Project("{8BC9CEB8-8B4A-11D0-8D11-00A0C91BC942}") = "libprotobuf-lite", "libprotobuf-lite.vcxproj", "{61C7F02D-DE93-31D8-9B55-CC82805A499F}"
	ProjectSection(ProjectDependencies) = postProject
		{685AB2C1-EFD6-3BC3-A438-77C620D97F6C} = {685AB2C1-EFD6-3BC3-A438-77C620D97F6C}
	EndProjectSection
EndProject
Global
	GlobalSection(SolutionConfigurationPlatforms) = preSolution
		Debug|x64 = Debug|x64
		Release|x64 = Release|x64
		MinSizeRel|x64 = MinSizeRel|x64
		RelWithDebInfo|x64 = RelWithDebInfo|x64
	EndGlobalSection
	GlobalSection(ProjectConfigurationPlatforms) = postSolution
		{943E553D-E27C-31D0-BD0F-B5BCB27C3FDC}.Debug|x64.ActiveCfg = Debug|x64
		{943E553D-E27C-31D0-BD0F-B5BCB27C3FDC}.Debug|x64.Build.0 = Debug|x64
		{943E553D-E27C-31D0-BD0F-B5BCB27C3FDC}.Release|x64.ActiveCfg = Release|x64
		{943E553D-E27C-31D0-BD0F-B5BCB27C3FDC}.Release|x64.Build.0 = Release|x64
		{943E553D-E27C-31D0-BD0F-B5BCB27C3FDC}.MinSizeRel|x64.ActiveCfg = MinSizeRel|x64
		{943E553D-E27C-31D0-BD0F-B5BCB27C3FDC}.MinSizeRel|x64.Build.0 = MinSizeRel|x64
		{943E553D-E27C-31D0-BD0F-B5BCB27C3FDC}.RelWithDebInfo|x64.ActiveCfg = RelWithDebInfo|x64
		{943E553D-E27C-31D0-BD0F-B5BCB27C3FDC}.RelWithDebInfo|x64.Build.0 = RelWithDebInfo|x64
		{9C6B286C-CF38-39F3-B44C-9B472C73F678}.Debug|x64.ActiveCfg = Debug|x64
		{9C6B286C-CF38-39F3-B44C-9B472C73F678}.Release|x64.ActiveCfg = Release|x64
		{9C6B286C-CF38-39F3-B44C-9B472C73F678}.MinSizeRel|x64.ActiveCfg = MinSizeRel|x64
		{9C6B286C-CF38-39F3-B44C-9B472C73F678}.RelWithDebInfo|x64.ActiveCfg = RelWithDebInfo|x64
		{685AB2C1-EFD6-3BC3-A438-77C620D97F6C}.Debug|x64.ActiveCfg = Debug|x64
		{685AB2C1-EFD6-3BC3-A438-77C620D97F6C}.Debug|x64.Build.0 = Debug|x64
		{685AB2C1-EFD6-3BC3-A438-77C620D97F6C}.Release|x64.ActiveCfg = Release|x64
		{685AB2C1-EFD6-3BC3-A438-77C620D97F6C}.Release|x64.Build.0 = Release|x64
		{685AB2C1-EFD6-3BC3-A438-77C620D97F6C}.MinSizeRel|x64.ActiveCfg = MinSizeRel|x64
		{685AB2C1-EFD6-3BC3-A438-77C620D97F6C}.MinSizeRel|x64.Build.0 = MinSizeRel|x64
		{685AB2C1-EFD6-3BC3-A438-77C620D97F6C}.RelWithDebInfo|x64.ActiveCfg = RelWithDebInfo|x64
		{685AB2C1-EFD6-3BC3-A438-77C620D97F6C}.RelWithDebInfo|x64.Build.0 = RelWithDebInfo|x64
		{28846F5E-4093-3EFC-A67A-CFF4D27A228B}.Debug|x64.ActiveCfg = Debug|x64
		{28846F5E-4093-3EFC-A67A-CFF4D27A228B}.Debug|x64.Build.0 = Debug|x64
		{28846F5E-4093-3EFC-A67A-CFF4D27A228B}.Release|x64.ActiveCfg = Release|x64
		{28846F5E-4093-3EFC-A67A-CFF4D27A228B}.Release|x64.Build.0 = Release|x64
		{28846F5E-4093-3EFC-A67A-CFF4D27A228B}.MinSizeRel|x64.ActiveCfg = MinSizeRel|x64
		{28846F5E-4093-3EFC-A67A-CFF4D27A228B}.MinSizeRel|x64.Build.0 = MinSizeRel|x64
		{28846F5E-4093-3EFC-A67A-CFF4D27A228B}.RelWithDebInfo|x64.ActiveCfg = RelWithDebInfo|x64
		{28846F5E-4093-3EFC-A67A-CFF4D27A228B}.RelWithDebInfo|x64.Build.0 = RelWithDebInfo|x64
		{61C7F02D-DE93-31D8-9B55-CC82805A499F}.Debug|x64.ActiveCfg = Debug|x64
		{61C7F02D-DE93-31D8-9B55-CC82805A499F}.Debug|x64.Build.0 = Debug|x64
		{61C7F02D-DE93-31D8-9B55-CC82805A499F}.Release|x64.ActiveCfg = Release|x64
		{61C7F02D-DE93-31D8-9B55-CC82805A499F}.Release|x64.Build.0 = Release|x64
		{61C7F02D-DE93-31D8-9B55-CC82805A499F}.MinSizeRel|x64.ActiveCfg = MinSizeRel|x64
		{61C7F02D-DE93-31D8-9B55-CC82805A499F}.MinSizeRel|x64.Build.0 = MinSizeRel|x64
		{61C7F02D-DE93-31D8-9B55-CC82805A499F}.RelWithDebInfo|x64.ActiveCfg = RelWithDebInfo|x64
		{61C7F02D-DE93-31D8-9B55-CC82805A499F}.RelWithDebInfo|x64.Build.0 = RelWithDebInfo|x64
	EndGlobalSection
	GlobalSection(ExtensibilityGlobals) = postSolution
		SolutionGuid = {4BA98490-61FA-365A-A644-C1FA3E7309E9}
	EndGlobalSection
	GlobalSection(ExtensibilityAddIns) = postSolution
	EndGlobalSection
EndGlobal
